// !$*UTF8*$!
{
	archiveVersion = 1;
	classes = {
	};
	objectVersion = 50;
	objects = {

/* Begin PBXBuildFile section */
		235A566C230486C100EB7F9C /* AppDelegate.swift in Sources */ = {isa = PBXBuildFile; fileRef = 235A566B230486C100EB7F9C /* AppDelegate.swift */; };
		235A566E230486C100EB7F9C /* ViewController.swift in Sources */ = {isa = PBXBuildFile; fileRef = 235A566D230486C100EB7F9C /* ViewController.swift */; };
		235A5673230486C200EB7F9C /* Assets.xcassets in Resources */ = {isa = PBXBuildFile; fileRef = 235A5672230486C200EB7F9C /* Assets.xcassets */; };
		235A5676230486C200EB7F9C /* LaunchScreen.storyboard in Resources */ = {isa = PBXBuildFile; fileRef = 235A5674230486C200EB7F9C /* LaunchScreen.storyboard */; };
		235A5686230486E400EB7F9C /* DepsObjC.h in Headers */ = {isa = PBXBuildFile; fileRef = 235A5684230486E400EB7F9C /* DepsObjC.h */; settings = {ATTRIBUTES = (Public, ); }; };
		235A56932304871800EB7F9C /* LibAClass.h in Headers */ = {isa = PBXBuildFile; fileRef = 235A56912304871800EB7F9C /* LibAClass.h */; settings = {ATTRIBUTES = (Public, ); }; };
		235A56942304871800EB7F9C /* LibAClass.m in Sources */ = {isa = PBXBuildFile; fileRef = 235A56922304871800EB7F9C /* LibAClass.m */; };
		235A56962304875000EB7F9C /* DepsObjC.framework in Frameworks */ = {isa = PBXBuildFile; fileRef = 235A5682230486E400EB7F9C /* DepsObjC.framework */; };
		235A56A023048ED000EB7F9C /* DepsMix.h in Headers */ = {isa = PBXBuildFile; fileRef = 235A569E23048ED000EB7F9C /* DepsMix.h */; settings = {ATTRIBUTES = (Public, ); }; };
		235A56AA23048EF600EB7F9C /* Person.swift in Sources */ = {isa = PBXBuildFile; fileRef = 235A56A923048EF600EB7F9C /* Person.swift */; };
		235A56AB23048F5800EB7F9C /* DepsMix.framework in Frameworks */ = {isa = PBXBuildFile; fileRef = 235A569C23048ED000EB7F9C /* DepsMix.framework */; };
		235A56AD2304904100EB7F9C /* Weapon.swift in Sources */ = {isa = PBXBuildFile; fileRef = 235A56AC2304904100EB7F9C /* Weapon.swift */; };
		235A56B02304909300EB7F9C /* Bomb.h in Headers */ = {isa = PBXBuildFile; fileRef = 235A56AE2304909300EB7F9C /* Bomb.h */; settings = {ATTRIBUTES = (Public, ); }; };
		235A56B12304909300EB7F9C /* Bomb.m in Sources */ = {isa = PBXBuildFile; fileRef = 235A56AF2304909300EB7F9C /* Bomb.m */; };
		4114784DF2D2A60B2805B6D4 /* Pods_CoBazel.framework in Frameworks */ = {isa = PBXBuildFile; fileRef = 62F504019D8EAAFFFB4110D3 /* Pods_CoBazel.framework */; };
/* End PBXBuildFile section */

/* Begin PBXFileReference section */
		235A5668230486C100EB7F9C /* CoBazel.app */ = {isa = PBXFileReference; explicitFileType = wrapper.application; includeInIndex = 0; path = CoBazel.app; sourceTree = BUILT_PRODUCTS_DIR; };
		235A566B230486C100EB7F9C /* AppDelegate.swift */ = {isa = PBXFileReference; lastKnownFileType = sourcecode.swift; path = AppDelegate.swift; sourceTree = "<group>"; };
		235A566D230486C100EB7F9C /* ViewController.swift */ = {isa = PBXFileReference; lastKnownFileType = sourcecode.swift; path = ViewController.swift; sourceTree = "<group>"; };
		235A5672230486C200EB7F9C /* Assets.xcassets */ = {isa = PBXFileReference; lastKnownFileType = folder.assetcatalog; path = Assets.xcassets; sourceTree = "<group>"; };
		235A5675230486C200EB7F9C /* Base */ = {isa = PBXFileReference; lastKnownFileType = file.storyboard; name = Base; path = Base.lproj/LaunchScreen.storyboard; sourceTree = "<group>"; };
		235A5677230486C200EB7F9C /* Info.plist */ = {isa = PBXFileReference; lastKnownFileType = text.plist.xml; path = Info.plist; sourceTree = "<group>"; };
		235A5682230486E400EB7F9C /* DepsObjC.framework */ = {isa = PBXFileReference; explicitFileType = wrapper.framework; includeInIndex = 0; path = DepsObjC.framework; sourceTree = BUILT_PRODUCTS_DIR; };
		235A5684230486E400EB7F9C /* DepsObjC.h */ = {isa = PBXFileReference; lastKnownFileType = sourcecode.c.h; path = DepsObjC.h; sourceTree = "<group>"; };
		235A5685230486E400EB7F9C /* Info.plist */ = {isa = PBXFileReference; lastKnownFileType = text.plist.xml; path = Info.plist; sourceTree = "<group>"; };
		235A56912304871800EB7F9C /* LibAClass.h */ = {isa = PBXFileReference; lastKnownFileType = sourcecode.c.h; path = LibAClass.h; sourceTree = "<group>"; };
		235A56922304871800EB7F9C /* LibAClass.m */ = {isa = PBXFileReference; lastKnownFileType = sourcecode.c.objc; path = LibAClass.m; sourceTree = "<group>"; };
		235A569C23048ED000EB7F9C /* DepsMix.framework */ = {isa = PBXFileReference; explicitFileType = wrapper.framework; includeInIndex = 0; path = DepsMix.framework; sourceTree = BUILT_PRODUCTS_DIR; };
		235A569E23048ED000EB7F9C /* DepsMix.h */ = {isa = PBXFileReference; lastKnownFileType = sourcecode.c.h; path = DepsMix.h; sourceTree = "<group>"; };
		235A569F23048ED000EB7F9C /* Info.plist */ = {isa = PBXFileReference; lastKnownFileType = text.plist.xml; path = Info.plist; sourceTree = "<group>"; };
		235A56A923048EF600EB7F9C /* Person.swift */ = {isa = PBXFileReference; lastKnownFileType = sourcecode.swift; path = Person.swift; sourceTree = "<group>"; };
		235A56AC2304904100EB7F9C /* Weapon.swift */ = {isa = PBXFileReference; lastKnownFileType = sourcecode.swift; path = Weapon.swift; sourceTree = "<group>"; };
		235A56AE2304909300EB7F9C /* Bomb.h */ = {isa = PBXFileReference; lastKnownFileType = sourcecode.c.h; path = Bomb.h; sourceTree = "<group>"; };
		235A56AF2304909300EB7F9C /* Bomb.m */ = {isa = PBXFileReference; lastKnownFileType = sourcecode.c.objc; path = Bomb.m; sourceTree = "<group>"; };
		360CA0E413253502D99718C1 /* Pods-CoBazel.release.xcconfig */ = {isa = PBXFileReference; includeInIndex = 1; lastKnownFileType = text.xcconfig; name = "Pods-CoBazel.release.xcconfig"; path = "Pods/Target Support Files/Pods-CoBazel/Pods-CoBazel.release.xcconfig"; sourceTree = "<group>"; };
		62F504019D8EAAFFFB4110D3 /* Pods_CoBazel.framework */ = {isa = PBXFileReference; explicitFileType = wrapper.framework; includeInIndex = 0; path = Pods_CoBazel.framework; sourceTree = BUILT_PRODUCTS_DIR; };
		6B948B12A25BBF98B30C1435 /* Pods-CoBazel.debug.xcconfig */ = {isa = PBXFileReference; includeInIndex = 1; lastKnownFileType = text.xcconfig; name = "Pods-CoBazel.debug.xcconfig"; path = "Pods/Target Support Files/Pods-CoBazel/Pods-CoBazel.debug.xcconfig"; sourceTree = "<group>"; };
/* End PBXFileReference section */

/* Begin PBXFrameworksBuildPhase section */
		235A5665230486C100EB7F9C /* Frameworks */ = {
			isa = PBXFrameworksBuildPhase;
			buildActionMask = 2147483647;
			files = (
				235A56AB23048F5800EB7F9C /* DepsMix.framework in Frameworks */,
				235A56962304875000EB7F9C /* DepsObjC.framework in Frameworks */,
				4114784DF2D2A60B2805B6D4 /* Pods_CoBazel.framework in Frameworks */,
			);
			runOnlyForDeploymentPostprocessing = 0;
		};
		235A567F230486E400EB7F9C /* Frameworks */ = {
			isa = PBXFrameworksBuildPhase;
			buildActionMask = 2147483647;
			files = (
			);
			runOnlyForDeploymentPostprocessing = 0;
		};
		235A569923048ED000EB7F9C /* Frameworks */ = {
			isa = PBXFrameworksBuildPhase;
			buildActionMask = 2147483647;
			files = (
			);
			runOnlyForDeploymentPostprocessing = 0;
		};
/* End PBXFrameworksBuildPhase section */

/* Begin PBXGroup section */
		235A565F230486C100EB7F9C = {
			isa = PBXGroup;
			children = (
				235A566A230486C100EB7F9C /* CoBazel */,
				235A5683230486E400EB7F9C /* DepsObjC */,
				235A569D23048ED000EB7F9C /* DepsMix */,
				235A5669230486C100EB7F9C /* Products */,
				235A56952304875000EB7F9C /* Frameworks */,
				C18AE7F79C724CF470F93B9C /* Pods */,
			);
			sourceTree = "<group>";
		};
		235A5669230486C100EB7F9C /* Products */ = {
			isa = PBXGroup;
			children = (
				235A5668230486C100EB7F9C /* CoBazel.app */,
				235A5682230486E400EB7F9C /* DepsObjC.framework */,
				235A569C23048ED000EB7F9C /* DepsMix.framework */,
			);
			name = Products;
			sourceTree = "<group>";
		};
		235A566A230486C100EB7F9C /* CoBazel */ = {
			isa = PBXGroup;
			children = (
				235A566B230486C100EB7F9C /* AppDelegate.swift */,
				235A566D230486C100EB7F9C /* ViewController.swift */,
				235A5672230486C200EB7F9C /* Assets.xcassets */,
				235A5674230486C200EB7F9C /* LaunchScreen.storyboard */,
				235A5677230486C200EB7F9C /* Info.plist */,
			);
			path = CoBazel;
			sourceTree = "<group>";
		};
		235A5683230486E400EB7F9C /* DepsObjC */ = {
			isa = PBXGroup;
			children = (
				235A5684230486E400EB7F9C /* DepsObjC.h */,
				235A5685230486E400EB7F9C /* Info.plist */,
				235A56912304871800EB7F9C /* LibAClass.h */,
				235A56922304871800EB7F9C /* LibAClass.m */,
			);
			path = DepsObjC;
			sourceTree = "<group>";
		};
		235A56952304875000EB7F9C /* Frameworks */ = {
			isa = PBXGroup;
			children = (
				62F504019D8EAAFFFB4110D3 /* Pods_CoBazel.framework */,
			);
			name = Frameworks;
			sourceTree = "<group>";
		};
		235A569D23048ED000EB7F9C /* DepsMix */ = {
			isa = PBXGroup;
			children = (
				235A569E23048ED000EB7F9C /* DepsMix.h */,
				235A569F23048ED000EB7F9C /* Info.plist */,
				235A56A923048EF600EB7F9C /* Person.swift */,
				235A56AC2304904100EB7F9C /* Weapon.swift */,
				235A56AE2304909300EB7F9C /* Bomb.h */,
				235A56AF2304909300EB7F9C /* Bomb.m */,
			);
			path = DepsMix;
			sourceTree = "<group>";
		};
		C18AE7F79C724CF470F93B9C /* Pods */ = {
			isa = PBXGroup;
			children = (
				6B948B12A25BBF98B30C1435 /* Pods-CoBazel.debug.xcconfig */,
				360CA0E413253502D99718C1 /* Pods-CoBazel.release.xcconfig */,
			);
			name = Pods;
			sourceTree = "<group>";
		};
/* End PBXGroup section */

/* Begin PBXHeadersBuildPhase section */
		235A567D230486E400EB7F9C /* Headers */ = {
			isa = PBXHeadersBuildPhase;
			buildActionMask = 2147483647;
			files = (
				235A5686230486E400EB7F9C /* DepsObjC.h in Headers */,
				235A56932304871800EB7F9C /* LibAClass.h in Headers */,
			);
			runOnlyForDeploymentPostprocessing = 0;
		};
		235A569723048ED000EB7F9C /* Headers */ = {
			isa = PBXHeadersBuildPhase;
			buildActionMask = 2147483647;
			files = (
				235A56B02304909300EB7F9C /* Bomb.h in Headers */,
				235A56A023048ED000EB7F9C /* DepsMix.h in Headers */,
			);
			runOnlyForDeploymentPostprocessing = 0;
		};
/* End PBXHeadersBuildPhase section */

/* Begin PBXNativeTarget section */
		235A5667230486C100EB7F9C /* CoBazel */ = {
			isa = PBXNativeTarget;
			buildConfigurationList = 235A567A230486C200EB7F9C /* Build configuration list for PBXNativeTarget "CoBazel" */;
			buildPhases = (
				D69A265286331E7B9170E051 /* [CP] Check Pods Manifest.lock */,
				235A5664230486C100EB7F9C /* Sources */,
				235A5665230486C100EB7F9C /* Frameworks */,
				235A5666230486C100EB7F9C /* Resources */,
				3C26F3B3E69730660D2AA712 /* [CP] Embed Pods Frameworks */,
			);
			buildRules = (
			);
			dependencies = (
			);
			name = CoBazel;
			productName = CoBazel;
			productReference = 235A5668230486C100EB7F9C /* CoBazel.app */;
			productType = "com.apple.product-type.application";
		};
		235A5681230486E400EB7F9C /* DepsObjC */ = {
			isa = PBXNativeTarget;
			buildConfigurationList = 235A568B230486E400EB7F9C /* Build configuration list for PBXNativeTarget "DepsObjC" */;
			buildPhases = (
				235A567D230486E400EB7F9C /* Headers */,
				235A567E230486E400EB7F9C /* Sources */,
				235A567F230486E400EB7F9C /* Frameworks */,
				235A5680230486E400EB7F9C /* Resources */,
			);
			buildRules = (
			);
			dependencies = (
			);
			name = DepsObjC;
			productName = DepsObjC;
			productReference = 235A5682230486E400EB7F9C /* DepsObjC.framework */;
			productType = "com.apple.product-type.framework";
		};
		235A569B23048ED000EB7F9C /* DepsMix */ = {
			isa = PBXNativeTarget;
			buildConfigurationList = 235A56A523048ED000EB7F9C /* Build configuration list for PBXNativeTarget "DepsMix" */;
			buildPhases = (
				235A569723048ED000EB7F9C /* Headers */,
				235A569823048ED000EB7F9C /* Sources */,
				235A569923048ED000EB7F9C /* Frameworks */,
				235A569A23048ED000EB7F9C /* Resources */,
			);
			buildRules = (
			);
			dependencies = (
			);
			name = DepsMix;
			productName = DepsMix;
			productReference = 235A569C23048ED000EB7F9C /* DepsMix.framework */;
			productType = "com.apple.product-type.framework";
		};
/* End PBXNativeTarget section */

/* Begin PBXProject section */
		235A5660230486C100EB7F9C /* Project object */ = {
			isa = PBXProject;
			attributes = {
				LastSwiftUpdateCheck = 1020;
				LastUpgradeCheck = 1020;
				ORGANIZATIONNAME = Tokopedia;
				TargetAttributes = {
					235A5667230486C100EB7F9C = {
						CreatedOnToolsVersion = 10.2.1;
					};
					235A5681230486E400EB7F9C = {
						CreatedOnToolsVersion = 10.2.1;
					};
					235A569B23048ED000EB7F9C = {
						CreatedOnToolsVersion = 10.2.1;
						LastSwiftMigration = 1020;
					};
				};
			};
			buildConfigurationList = 235A5663230486C100EB7F9C /* Build configuration list for PBXProject "CoBazel" */;
			compatibilityVersion = "Xcode 9.3";
			developmentRegion = en;
			hasScannedForEncodings = 0;
			knownRegions = (
				en,
				Base,
			);
			mainGroup = 235A565F230486C100EB7F9C;
			productRefGroup = 235A5669230486C100EB7F9C /* Products */;
			projectDirPath = "";
			projectRoot = "";
			targets = (
				235A5667230486C100EB7F9C /* CoBazel */,
				235A5681230486E400EB7F9C /* DepsObjC */,
				235A569B23048ED000EB7F9C /* DepsMix */,
			);
		};
/* End PBXProject section */

/* Begin PBXResourcesBuildPhase section */
		235A5666230486C100EB7F9C /* Resources */ = {
			isa = PBXResourcesBuildPhase;
			buildActionMask = 2147483647;
			files = (
				235A5676230486C200EB7F9C /* LaunchScreen.storyboard in Resources */,
				235A5673230486C200EB7F9C /* Assets.xcassets in Resources */,
			);
			runOnlyForDeploymentPostprocessing = 0;
		};
		235A5680230486E400EB7F9C /* Resources */ = {
			isa = PBXResourcesBuildPhase;
			buildActionMask = 2147483647;
			files = (
			);
			runOnlyForDeploymentPostprocessing = 0;
		};
		235A569A23048ED000EB7F9C /* Resources */ = {
			isa = PBXResourcesBuildPhase;
			buildActionMask = 2147483647;
			files = (
			);
			runOnlyForDeploymentPostprocessing = 0;
		};
/* End PBXResourcesBuildPhase section */

/* Begin PBXShellScriptBuildPhase section */
		3C26F3B3E69730660D2AA712 /* [CP] Embed Pods Frameworks */ = {
			isa = PBXShellScriptBuildPhase;
			buildActionMask = 2147483647;
			files = (
			);
			inputFileListPaths = (
			);
			inputPaths = (
				"${SRCROOT}/Pods/Target Support Files/Pods-CoBazel/Pods-CoBazel-frameworks.sh",
				"${BUILT_PRODUCTS_DIR}/DKImagePickerController/DKImagePickerController.framework",
				"${BUILT_PRODUCTS_DIR}/DoubleConversion/DoubleConversion.framework",
				"${BUILT_PRODUCTS_DIR}/Folly/folly.framework",
				"${BUILT_PRODUCTS_DIR}/GLog/glog.framework",
				"${BUILT_PRODUCTS_DIR}/IGListKit/IGListKit.framework",
				"${BUILT_PRODUCTS_DIR}/ISO8601DateFormatterValueTransformer/ISO8601DateFormatterValueTransformer.framework",
				"${BUILT_PRODUCTS_DIR}/NSObject+Rx/NSObject_Rx.framework",
				"${BUILT_PRODUCTS_DIR}/PINCache/PINCache.framework",
				"${BUILT_PRODUCTS_DIR}/PINOperation/PINOperation.framework",
				"${BUILT_PRODUCTS_DIR}/PINRemoteImage/PINRemoteImage.framework",
				"${BUILT_PRODUCTS_DIR}/RKValueTransformers/RKValueTransformers.framework",
				"${BUILT_PRODUCTS_DIR}/React/React.framework",
				"${BUILT_PRODUCTS_DIR}/RestKit/RestKit.framework",
				"${BUILT_PRODUCTS_DIR}/RxCocoa/RxCocoa.framework",
				"${BUILT_PRODUCTS_DIR}/RxCocoa-Texture/RxCocoa_Texture.framework",
				"${BUILT_PRODUCTS_DIR}/RxKeyboard/RxKeyboard.framework",
				"${BUILT_PRODUCTS_DIR}/RxOptional/RxOptional.framework",
				"${BUILT_PRODUCTS_DIR}/RxSwift/RxSwift.framework",
				"${BUILT_PRODUCTS_DIR}/SOCKit/SOCKit.framework",
				"${BUILT_PRODUCTS_DIR}/SkeletonView/SkeletonView.framework",
				"${BUILT_PRODUCTS_DIR}/SnapKit/SnapKit.framework",
				"${BUILT_PRODUCTS_DIR}/SwiftOverlays/SwiftOverlays.framework",
				"${BUILT_PRODUCTS_DIR}/Texture/AsyncDisplayKit.framework",
				"${BUILT_PRODUCTS_DIR}/TransitionKit/TransitionKit.framework",
				"${BUILT_PRODUCTS_DIR}/Tweaks/Tweaks.framework",
				"${BUILT_PRODUCTS_DIR}/WARangeSlider/WARangeSlider.framework",
				"${BUILT_PRODUCTS_DIR}/yoga/yoga.framework",
			);
			name = "[CP] Embed Pods Frameworks";
			outputFileListPaths = (
			);
			outputPaths = (
				"${TARGET_BUILD_DIR}/${FRAMEWORKS_FOLDER_PATH}/DKImagePickerController.framework",
				"${TARGET_BUILD_DIR}/${FRAMEWORKS_FOLDER_PATH}/DoubleConversion.framework",
				"${TARGET_BUILD_DIR}/${FRAMEWORKS_FOLDER_PATH}/folly.framework",
				"${TARGET_BUILD_DIR}/${FRAMEWORKS_FOLDER_PATH}/glog.framework",
				"${TARGET_BUILD_DIR}/${FRAMEWORKS_FOLDER_PATH}/IGListKit.framework",
				"${TARGET_BUILD_DIR}/${FRAMEWORKS_FOLDER_PATH}/ISO8601DateFormatterValueTransformer.framework",
				"${TARGET_BUILD_DIR}/${FRAMEWORKS_FOLDER_PATH}/NSObject_Rx.framework",
				"${TARGET_BUILD_DIR}/${FRAMEWORKS_FOLDER_PATH}/PINCache.framework",
				"${TARGET_BUILD_DIR}/${FRAMEWORKS_FOLDER_PATH}/PINOperation.framework",
				"${TARGET_BUILD_DIR}/${FRAMEWORKS_FOLDER_PATH}/PINRemoteImage.framework",
				"${TARGET_BUILD_DIR}/${FRAMEWORKS_FOLDER_PATH}/RKValueTransformers.framework",
				"${TARGET_BUILD_DIR}/${FRAMEWORKS_FOLDER_PATH}/React.framework",
				"${TARGET_BUILD_DIR}/${FRAMEWORKS_FOLDER_PATH}/RestKit.framework",
				"${TARGET_BUILD_DIR}/${FRAMEWORKS_FOLDER_PATH}/RxCocoa.framework",
				"${TARGET_BUILD_DIR}/${FRAMEWORKS_FOLDER_PATH}/RxCocoa_Texture.framework",
				"${TARGET_BUILD_DIR}/${FRAMEWORKS_FOLDER_PATH}/RxKeyboard.framework",
				"${TARGET_BUILD_DIR}/${FRAMEWORKS_FOLDER_PATH}/RxOptional.framework",
				"${TARGET_BUILD_DIR}/${FRAMEWORKS_FOLDER_PATH}/RxSwift.framework",
				"${TARGET_BUILD_DIR}/${FRAMEWORKS_FOLDER_PATH}/SOCKit.framework",
				"${TARGET_BUILD_DIR}/${FRAMEWORKS_FOLDER_PATH}/SkeletonView.framework",
				"${TARGET_BUILD_DIR}/${FRAMEWORKS_FOLDER_PATH}/SnapKit.framework",
				"${TARGET_BUILD_DIR}/${FRAMEWORKS_FOLDER_PATH}/SwiftOverlays.framework",
				"${TARGET_BUILD_DIR}/${FRAMEWORKS_FOLDER_PATH}/AsyncDisplayKit.framework",
				"${TARGET_BUILD_DIR}/${FRAMEWORKS_FOLDER_PATH}/TransitionKit.framework",
				"${TARGET_BUILD_DIR}/${FRAMEWORKS_FOLDER_PATH}/Tweaks.framework",
				"${TARGET_BUILD_DIR}/${FRAMEWORKS_FOLDER_PATH}/WARangeSlider.framework",
				"${TARGET_BUILD_DIR}/${FRAMEWORKS_FOLDER_PATH}/yoga.framework",
			);
			runOnlyForDeploymentPostprocessing = 0;
			shellPath = /bin/sh;
			shellScript = "\"${SRCROOT}/Pods/Target Support Files/Pods-CoBazel/Pods-CoBazel-frameworks.sh\"\n";
			showEnvVarsInLog = 0;
		};
		D69A265286331E7B9170E051 /* [CP] Check Pods Manifest.lock */ = {
			isa = PBXShellScriptBuildPhase;
			buildActionMask = 2147483647;
			files = (
			);
			inputFileListPaths = (
			);
			inputPaths = (
				"${PODS_PODFILE_DIR_PATH}/Podfile.lock",
				"${PODS_ROOT}/Manifest.lock",
			);
			name = "[CP] Check Pods Manifest.lock";
			outputFileListPaths = (
			);
			outputPaths = (
				"$(DERIVED_FILE_DIR)/Pods-CoBazel-checkManifestLockResult.txt",
			);
			runOnlyForDeploymentPostprocessing = 0;
			shellPath = /bin/sh;
			shellScript = "diff \"${PODS_PODFILE_DIR_PATH}/Podfile.lock\" \"${PODS_ROOT}/Manifest.lock\" > /dev/null\nif [ $? != 0 ] ; then\n    # print error to STDERR\n    echo \"error: The sandbox is not in sync with the Podfile.lock. Run 'pod install' or update your CocoaPods installation.\" >&2\n    exit 1\nfi\n# This output is used by Xcode 'outputs' to avoid re-running this script phase.\necho \"SUCCESS\" > \"${SCRIPT_OUTPUT_FILE_0}\"\n";
			showEnvVarsInLog = 0;
		};
/* End PBXShellScriptBuildPhase section */

/* Begin PBXSourcesBuildPhase section */
		235A5664230486C100EB7F9C /* Sources */ = {
			isa = PBXSourcesBuildPhase;
			buildActionMask = 2147483647;
			files = (
				235A566E230486C100EB7F9C /* ViewController.swift in Sources */,
				235A566C230486C100EB7F9C /* AppDelegate.swift in Sources */,
			);
			runOnlyForDeploymentPostprocessing = 0;
		};
		235A567E230486E400EB7F9C /* Sources */ = {
			isa = PBXSourcesBuildPhase;
			buildActionMask = 2147483647;
			files = (
				235A56942304871800EB7F9C /* LibAClass.m in Sources */,
			);
			runOnlyForDeploymentPostprocessing = 0;
		};
		235A569823048ED000EB7F9C /* Sources */ = {
			isa = PBXSourcesBuildPhase;
			buildActionMask = 2147483647;
			files = (
				235A56AA23048EF600EB7F9C /* Person.swift in Sources */,
				235A56AD2304904100EB7F9C /* Weapon.swift in Sources */,
				235A56B12304909300EB7F9C /* Bomb.m in Sources */,
			);
			runOnlyForDeploymentPostprocessing = 0;
		};
/* End PBXSourcesBuildPhase section */

/* Begin PBXVariantGroup section */
		235A5674230486C200EB7F9C /* LaunchScreen.storyboard */ = {
			isa = PBXVariantGroup;
			children = (
				235A5675230486C200EB7F9C /* Base */,
			);
			name = LaunchScreen.storyboard;
			sourceTree = "<group>";
		};
/* End PBXVariantGroup section */

/* Begin XCBuildConfiguration section */
		235A5678230486C200EB7F9C /* Debug */ = {
			isa = XCBuildConfiguration;
			buildSettings = {
				ALWAYS_SEARCH_USER_PATHS = NO;
				CLANG_ANALYZER_NONNULL = YES;
				CLANG_ANALYZER_NUMBER_OBJECT_CONVERSION = YES_AGGRESSIVE;
				CLANG_CXX_LANGUAGE_STANDARD = "gnu++14";
				CLANG_CXX_LIBRARY = "libc++";
				CLANG_ENABLE_MODULES = YES;
				CLANG_ENABLE_OBJC_ARC = YES;
				CLANG_ENABLE_OBJC_WEAK = YES;
				CLANG_WARN_BLOCK_CAPTURE_AUTORELEASING = YES;
				CLANG_WARN_BOOL_CONVERSION = YES;
				CLANG_WARN_COMMA = YES;
				CLANG_WARN_CONSTANT_CONVERSION = YES;
				CLANG_WARN_DEPRECATED_OBJC_IMPLEMENTATIONS = YES;
				CLANG_WARN_DIRECT_OBJC_ISA_USAGE = YES_ERROR;
				CLANG_WARN_DOCUMENTATION_COMMENTS = YES;
				CLANG_WARN_EMPTY_BODY = YES;
				CLANG_WARN_ENUM_CONVERSION = YES;
				CLANG_WARN_INFINITE_RECURSION = YES;
				CLANG_WARN_INT_CONVERSION = YES;
				CLANG_WARN_NON_LITERAL_NULL_CONVERSION = YES;
				CLANG_WARN_OBJC_IMPLICIT_RETAIN_SELF = YES;
				CLANG_WARN_OBJC_LITERAL_CONVERSION = YES;
				CLANG_WARN_OBJC_ROOT_CLASS = YES_ERROR;
				CLANG_WARN_RANGE_LOOP_ANALYSIS = YES;
				CLANG_WARN_STRICT_PROTOTYPES = YES;
				CLANG_WARN_SUSPICIOUS_MOVE = YES;
				CLANG_WARN_UNGUARDED_AVAILABILITY = YES_AGGRESSIVE;
				CLANG_WARN_UNREACHABLE_CODE = YES;
				CLANG_WARN__DUPLICATE_METHOD_MATCH = YES;
				CODE_SIGN_IDENTITY = "iPhone Developer";
				COPY_PHASE_STRIP = NO;
				DEBUG_INFORMATION_FORMAT = dwarf;
				ENABLE_STRICT_OBJC_MSGSEND = YES;
				ENABLE_TESTABILITY = YES;
				GCC_C_LANGUAGE_STANDARD = gnu11;
				GCC_DYNAMIC_NO_PIC = NO;
				GCC_NO_COMMON_BLOCKS = YES;
				GCC_OPTIMIZATION_LEVEL = 0;
				GCC_PREPROCESSOR_DEFINITIONS = (
					"DEBUG=1",
					"$(inherited)",
				);
				GCC_WARN_64_TO_32_BIT_CONVERSION = YES;
				GCC_WARN_ABOUT_RETURN_TYPE = YES_ERROR;
				GCC_WARN_UNDECLARED_SELECTOR = YES;
				GCC_WARN_UNINITIALIZED_AUTOS = YES_AGGRESSIVE;
				GCC_WARN_UNUSED_FUNCTION = YES;
				GCC_WARN_UNUSED_VARIABLE = YES;
				IPHONEOS_DEPLOYMENT_TARGET = 12.2;
				MTL_ENABLE_DEBUG_INFO = INCLUDE_SOURCE;
				MTL_FAST_MATH = YES;
				ONLY_ACTIVE_ARCH = YES;
				SDKROOT = iphoneos;
				SWIFT_ACTIVE_COMPILATION_CONDITIONS = DEBUG;
				SWIFT_OPTIMIZATION_LEVEL = "-Onone";
			};
			name = Debug;
		};
		235A5679230486C200EB7F9C /* Release */ = {
			isa = XCBuildConfiguration;
			buildSettings = {
				ALWAYS_SEARCH_USER_PATHS = NO;
				CLANG_ANALYZER_NONNULL = YES;
				CLANG_ANALYZER_NUMBER_OBJECT_CONVERSION = YES_AGGRESSIVE;
				CLANG_CXX_LANGUAGE_STANDARD = "gnu++14";
				CLANG_CXX_LIBRARY = "libc++";
				CLANG_ENABLE_MODULES = YES;
				CLANG_ENABLE_OBJC_ARC = YES;
				CLANG_ENABLE_OBJC_WEAK = YES;
				CLANG_WARN_BLOCK_CAPTURE_AUTORELEASING = YES;
				CLANG_WARN_BOOL_CONVERSION = YES;
				CLANG_WARN_COMMA = YES;
				CLANG_WARN_CONSTANT_CONVERSION = YES;
				CLANG_WARN_DEPRECATED_OBJC_IMPLEMENTATIONS = YES;
				CLANG_WARN_DIRECT_OBJC_ISA_USAGE = YES_ERROR;
				CLANG_WARN_DOCUMENTATION_COMMENTS = YES;
				CLANG_WARN_EMPTY_BODY = YES;
				CLANG_WARN_ENUM_CONVERSION = YES;
				CLANG_WARN_INFINITE_RECURSION = YES;
				CLANG_WARN_INT_CONVERSION = YES;
				CLANG_WARN_NON_LITERAL_NULL_CONVERSION = YES;
				CLANG_WARN_OBJC_IMPLICIT_RETAIN_SELF = YES;
				CLANG_WARN_OBJC_LITERAL_CONVERSION = YES;
				CLANG_WARN_OBJC_ROOT_CLASS = YES_ERROR;
				CLANG_WARN_RANGE_LOOP_ANALYSIS = YES;
				CLANG_WARN_STRICT_PROTOTYPES = YES;
				CLANG_WARN_SUSPICIOUS_MOVE = YES;
				CLANG_WARN_UNGUARDED_AVAILABILITY = YES_AGGRESSIVE;
				CLANG_WARN_UNREACHABLE_CODE = YES;
				CLANG_WARN__DUPLICATE_METHOD_MATCH = YES;
				CODE_SIGN_IDENTITY = "iPhone Developer";
				COPY_PHASE_STRIP = NO;
				DEBUG_INFORMATION_FORMAT = "dwarf-with-dsym";
				ENABLE_NS_ASSERTIONS = NO;
				ENABLE_STRICT_OBJC_MSGSEND = YES;
				GCC_C_LANGUAGE_STANDARD = gnu11;
				GCC_NO_COMMON_BLOCKS = YES;
				GCC_WARN_64_TO_32_BIT_CONVERSION = YES;
				GCC_WARN_ABOUT_RETURN_TYPE = YES_ERROR;
				GCC_WARN_UNDECLARED_SELECTOR = YES;
				GCC_WARN_UNINITIALIZED_AUTOS = YES_AGGRESSIVE;
				GCC_WARN_UNUSED_FUNCTION = YES;
				GCC_WARN_UNUSED_VARIABLE = YES;
				IPHONEOS_DEPLOYMENT_TARGET = 12.2;
				MTL_ENABLE_DEBUG_INFO = NO;
				MTL_FAST_MATH = YES;
				SDKROOT = iphoneos;
				SWIFT_COMPILATION_MODE = wholemodule;
				SWIFT_OPTIMIZATION_LEVEL = "-O";
				VALIDATE_PRODUCT = YES;
			};
			name = Release;
		};
		235A567B230486C200EB7F9C /* Debug */ = {
			isa = XCBuildConfiguration;
			baseConfigurationReference = 6B948B12A25BBF98B30C1435 /* Pods-CoBazel.debug.xcconfig */;
			buildSettings = {
				ASSETCATALOG_COMPILER_APPICON_NAME = AppIcon;
				CODE_SIGN_STYLE = Automatic;
				INFOPLIST_FILE = CoBazel/Info.plist;
				LD_RUNPATH_SEARCH_PATHS = (
					"$(inherited)",
					"@executable_path/Frameworks",
				);
				PRODUCT_BUNDLE_IDENTIFIER = com.tokopedia.CoBazel;
				PRODUCT_NAME = "$(TARGET_NAME)";
				SWIFT_VERSION = 5.0;
				TARGETED_DEVICE_FAMILY = "1,2";
			};
			name = Debug;
		};
		235A567C230486C200EB7F9C /* Release */ = {
			isa = XCBuildConfiguration;
			baseConfigurationReference = 360CA0E413253502D99718C1 /* Pods-CoBazel.release.xcconfig */;
			buildSettings = {
				ASSETCATALOG_COMPILER_APPICON_NAME = AppIcon;
				CODE_SIGN_STYLE = Automatic;
				INFOPLIST_FILE = CoBazel/Info.plist;
				LD_RUNPATH_SEARCH_PATHS = (
					"$(inherited)",
					"@executable_path/Frameworks",
				);
				PRODUCT_BUNDLE_IDENTIFIER = com.tokopedia.CoBazel;
				PRODUCT_NAME = "$(TARGET_NAME)";
				SWIFT_VERSION = 5.0;
				TARGETED_DEVICE_FAMILY = "1,2";
			};
			name = Release;
		};
		235A568C230486E400EB7F9C /* Debug */ = {
			isa = XCBuildConfiguration;
			buildSettings = {
				CODE_SIGN_IDENTITY = "";
				CODE_SIGN_STYLE = Automatic;
				CURRENT_PROJECT_VERSION = 1;
				DEFINES_MODULE = YES;
				DYLIB_COMPATIBILITY_VERSION = 1;
				DYLIB_CURRENT_VERSION = 1;
				DYLIB_INSTALL_NAME_BASE = "@rpath";
				INFOPLIST_FILE = DepsObjC/Info.plist;
				INSTALL_PATH = "$(LOCAL_LIBRARY_DIR)/Frameworks";
				LD_RUNPATH_SEARCH_PATHS = (
					"$(inherited)",
					"@executable_path/Frameworks",
					"@loader_path/Frameworks",
				);
				MACH_O_TYPE = staticlib;
				PRODUCT_BUNDLE_IDENTIFIER = com.tokopedia.DepsObjC;
				PRODUCT_NAME = "$(TARGET_NAME:c99extidentifier)";
				SKIP_INSTALL = YES;
				TARGETED_DEVICE_FAMILY = "1,2";
				VERSIONING_SYSTEM = "apple-generic";
				VERSION_INFO_PREFIX = "";
			};
			name = Debug;
		};
		235A568D230486E400EB7F9C /* Release */ = {
			isa = XCBuildConfiguration;
			buildSettings = {
				CODE_SIGN_IDENTITY = "";
				CODE_SIGN_STYLE = Automatic;
				CURRENT_PROJECT_VERSION = 1;
				DEFINES_MODULE = YES;
				DYLIB_COMPATIBILITY_VERSION = 1;
				DYLIB_CURRENT_VERSION = 1;
				DYLIB_INSTALL_NAME_BASE = "@rpath";
				INFOPLIST_FILE = DepsObjC/Info.plist;
				INSTALL_PATH = "$(LOCAL_LIBRARY_DIR)/Frameworks";
				LD_RUNPATH_SEARCH_PATHS = (
					"$(inherited)",
					"@executable_path/Frameworks",
					"@loader_path/Frameworks",
				);
				MACH_O_TYPE = staticlib;
				PRODUCT_BUNDLE_IDENTIFIER = com.tokopedia.DepsObjC;
				PRODUCT_NAME = "$(TARGET_NAME:c99extidentifier)";
				SKIP_INSTALL = YES;
				TARGETED_DEVICE_FAMILY = "1,2";
				VERSIONING_SYSTEM = "apple-generic";
				VERSION_INFO_PREFIX = "";
			};
			name = Release;
		};
		235A56A623048ED000EB7F9C /* Debug */ = {
			isa = XCBuildConfiguration;
			buildSettings = {
				CLANG_ENABLE_MODULES = YES;
				CODE_SIGN_IDENTITY = "";
				CODE_SIGN_STYLE = Automatic;
				CURRENT_PROJECT_VERSION = 1;
				DEFINES_MODULE = YES;
				DYLIB_COMPATIBILITY_VERSION = 1;
				DYLIB_CURRENT_VERSION = 1;
				DYLIB_INSTALL_NAME_BASE = "@rpath";
				INFOPLIST_FILE = DepsMix/Info.plist;
				INSTALL_PATH = "$(LOCAL_LIBRARY_DIR)/Frameworks";
				LD_RUNPATH_SEARCH_PATHS = (
					"$(inherited)",
					"@executable_path/Frameworks",
					"@loader_path/Frameworks",
				);
				MACH_O_TYPE = staticlib;
				PRODUCT_BUNDLE_IDENTIFIER = com.tokopedia.DepsMix;
				PRODUCT_NAME = "$(TARGET_NAME:c99extidentifier)";
				SKIP_INSTALL = YES;
				SWIFT_OPTIMIZATION_LEVEL = "-Onone";
				SWIFT_VERSION = 5.0;
				TARGETED_DEVICE_FAMILY = "1,2";
				VERSIONING_SYSTEM = "apple-generic";
				VERSION_INFO_PREFIX = "";
			};
			name = Debug;
		};
		235A56A723048ED000EB7F9C /* Release */ = {
			isa = XCBuildConfiguration;
			buildSettings = {
				CLANG_ENABLE_MODULES = YES;
				CODE_SIGN_IDENTITY = "";
				CODE_SIGN_STYLE = Automatic;
				CURRENT_PROJECT_VERSION = 1;
				DEFINES_MODULE = YES;
				DYLIB_COMPATIBILITY_VERSION = 1;
				DYLIB_CURRENT_VERSION = 1;
				DYLIB_INSTALL_NAME_BASE = "@rpath";
				INFOPLIST_FILE = DepsMix/Info.plist;
				INSTALL_PATH = "$(LOCAL_LIBRARY_DIR)/Frameworks";
				LD_RUNPATH_SEARCH_PATHS = (
					"$(inherited)",
					"@executable_path/Frameworks",
					"@loader_path/Frameworks",
				);
				MACH_O_TYPE = staticlib;
				PRODUCT_BUNDLE_IDENTIFIER = com.tokopedia.DepsMix;
				PRODUCT_NAME = "$(TARGET_NAME:c99extidentifier)";
				SKIP_INSTALL = YES;
				SWIFT_VERSION = 5.0;
				TARGETED_DEVICE_FAMILY = "1,2";
				VERSIONING_SYSTEM = "apple-generic";
				VERSION_INFO_PREFIX = "";
			};
			name = Release;
		};
/* End XCBuildConfiguration section */

/* Begin XCConfigurationList section */
		235A5663230486C100EB7F9C /* Build configuration list for PBXProject "CoBazel" */ = {
			isa = XCConfigurationList;
			buildConfigurations = (
				235A5678230486C200EB7F9C /* Debug */,
				235A5679230486C200EB7F9C /* Release */,
			);
			defaultConfigurationIsVisible = 0;
			defaultConfigurationName = Release;
		};
		235A567A230486C200EB7F9C /* Build configuration list for PBXNativeTarget "CoBazel" */ = {
			isa = XCConfigurationList;
			buildConfigurations = (
				235A567B230486C200EB7F9C /* Debug */,
				235A567C230486C200EB7F9C /* Release */,
			);
			defaultConfigurationIsVisible = 0;
			defaultConfigurationName = Release;
		};
		235A568B230486E400EB7F9C /* Build configuration list for PBXNativeTarget "DepsObjC" */ = {
			isa = XCConfigurationList;
			buildConfigurations = (
				235A568C230486E400EB7F9C /* Debug */,
				235A568D230486E400EB7F9C /* Release */,
			);
			defaultConfigurationIsVisible = 0;
			defaultConfigurationName = Release;
		};
		235A56A523048ED000EB7F9C /* Build configuration list for PBXNativeTarget "DepsMix" */ = {
			isa = XCConfigurationList;
			buildConfigurations = (
				235A56A623048ED000EB7F9C /* Debug */,
				235A56A723048ED000EB7F9C /* Release */,
			);
			defaultConfigurationIsVisible = 0;
			defaultConfigurationName = Release;
		};
/* End XCConfigurationList section */
	};
	rootObject = 235A5660230486C100EB7F9C /* Project object */;
}
